
Microsoft Visual Studio Solution File, Format Version 12.00
Project("{2150E333-8FDC-42A3-9474-1A3956D46DE8}") = "Aspire", "Aspire", "{3964B59F-3E7F-4BA7-80DC-7F1E63523ED9}"
EndProject
Project("{FAE04EC0-301F-11D3-BF4B-00C04F79EFBC}") = "OrleansPoC.AppHost", "Aspire\OrleansPoC.AppHost\OrleansPoC.AppHost.csproj", "{45DF52A9-9B9F-46B1-9B3A-EEEDB946F2B6}"
EndProject
Project("{FAE04EC0-301F-11D3-BF4B-00C04F79EFBC}") = "OrleansPoC.ServiceDefaults", "Aspire\OrleansPoC.ServiceDefaults\OrleansPoC.ServiceDefaults.csproj", "{F2D53077-498F-4A41-9E5E-ABABACC782D9}"
EndProject
Project("{2150E333-8FDC-42A3-9474-1A3956D46DE8}") = "Application", "Application", "{A8A9AEE0-D14A-415D-BB63-FE0FFFC5D8AF}"
EndProject
Project("{FAE04EC0-301F-11D3-BF4B-00C04F79EFBC}") = "OrleansPoC.Worker.MarketData", "Application\OrleansPoC.Worker.MarketData\OrleansPoC.Worker.MarketData.csproj", "{24CED55B-063F-4887-B1E5-869F7EA1FDBF}"
EndProject
Project("{FAE04EC0-301F-11D3-BF4B-00C04F79EFBC}") = "OrleansPoC.Contracts", "Application\OrleansPoC.Contracts\OrleansPoC.Contracts.csproj", "{E5FE69E1-0226-40A2-AFFC-39AED67F0A62}"
EndProject
Project("{FAE04EC0-301F-11D3-BF4B-00C04F79EFBC}") = "OrleansPoC.Server", "Application\OrleansPoC.Server\OrleansPoC.Server.csproj", "{675D13EB-6893-48EB-B9B5-8180FED3805F}"
EndProject
Project("{FAE04EC0-301F-11D3-BF4B-00C04F79EFBC}") = "OrleansPoC.WebAPI", "Application\OrleansPoC.WebAPI\OrleansPoC.WebAPI.csproj", "{ED82134A-6F7B-4F22-9EC5-D50E49E3274A}"
EndProject
Project("{2150E333-8FDC-42A3-9474-1A3956D46DE8}") = "Client", "Client", "{92203D89-6599-495B-B3E6-733F72A8A57B}"
EndProject
Project("{FAE04EC0-301F-11D3-BF4B-00C04F79EFBC}") = "OrleansPoC.TraderApp", "Client\OrleansPoC.TraderApp\OrleansPoC.TraderApp.csproj", "{AD25581C-1BB5-46C7-BEB4-6D8BC067E106}"
EndProject
Global
	GlobalSection(SolutionConfigurationPlatforms) = preSolution
		Debug|Any CPU = Debug|Any CPU
		Release|Any CPU = Release|Any CPU
	EndGlobalSection
	GlobalSection(NestedProjects) = preSolution
		{45DF52A9-9B9F-46B1-9B3A-EEEDB946F2B6} = {3964B59F-3E7F-4BA7-80DC-7F1E63523ED9}
		{F2D53077-498F-4A41-9E5E-ABABACC782D9} = {3964B59F-3E7F-4BA7-80DC-7F1E63523ED9}
		{24CED55B-063F-4887-B1E5-869F7EA1FDBF} = {A8A9AEE0-D14A-415D-BB63-FE0FFFC5D8AF}
		{E5FE69E1-0226-40A2-AFFC-39AED67F0A62} = {A8A9AEE0-D14A-415D-BB63-FE0FFFC5D8AF}
		{675D13EB-6893-48EB-B9B5-8180FED3805F} = {A8A9AEE0-D14A-415D-BB63-FE0FFFC5D8AF}
		{ED82134A-6F7B-4F22-9EC5-D50E49E3274A} = {A8A9AEE0-D14A-415D-BB63-FE0FFFC5D8AF}
		{AD25581C-1BB5-46C7-BEB4-6D8BC067E106} = {92203D89-6599-495B-B3E6-733F72A8A57B}
	EndGlobalSection
	GlobalSection(ProjectConfigurationPlatforms) = postSolution
		{45DF52A9-9B9F-46B1-9B3A-EEEDB946F2B6}.Debug|Any CPU.ActiveCfg = Debug|Any CPU
		{45DF52A9-9B9F-46B1-9B3A-EEEDB946F2B6}.Debug|Any CPU.Build.0 = Debug|Any CPU
		{45DF52A9-9B9F-46B1-9B3A-EEEDB946F2B6}.Release|Any CPU.ActiveCfg = Release|Any CPU
		{45DF52A9-9B9F-46B1-9B3A-EEEDB946F2B6}.Release|Any CPU.Build.0 = Release|Any CPU
		{F2D53077-498F-4A41-9E5E-ABABACC782D9}.Debug|Any CPU.ActiveCfg = Debug|Any CPU
		{F2D53077-498F-4A41-9E5E-ABABACC782D9}.Debug|Any CPU.Build.0 = Debug|Any CPU
		{F2D53077-498F-4A41-9E5E-ABABACC782D9}.Release|Any CPU.ActiveCfg = Release|Any CPU
		{F2D53077-498F-4A41-9E5E-ABABACC782D9}.Release|Any CPU.Build.0 = Release|Any CPU
		{24CED55B-063F-4887-B1E5-869F7EA1FDBF}.Debug|Any CPU.ActiveCfg = Debug|Any CPU
		{24CED55B-063F-4887-B1E5-869F7EA1FDBF}.Debug|Any CPU.Build.0 = Debug|Any CPU
		{24CED55B-063F-4887-B1E5-869F7EA1FDBF}.Release|Any CPU.ActiveCfg = Release|Any CPU
		{24CED55B-063F-4887-B1E5-869F7EA1FDBF}.Release|Any CPU.Build.0 = Release|Any CPU
		{E5FE69E1-0226-40A2-AFFC-39AED67F0A62}.Debug|Any CPU.ActiveCfg = Debug|Any CPU
		{E5FE69E1-0226-40A2-AFFC-39AED67F0A62}.Debug|Any CPU.Build.0 = Debug|Any CPU
		{E5FE69E1-0226-40A2-AFFC-39AED67F0A62}.Release|Any CPU.ActiveCfg = Release|Any CPU
		{E5FE69E1-0226-40A2-AFFC-39AED67F0A62}.Release|Any CPU.Build.0 = Release|Any CPU
		{675D13EB-6893-48EB-B9B5-8180FED3805F}.Debug|Any CPU.ActiveCfg = Debug|Any CPU
		{675D13EB-6893-48EB-B9B5-8180FED3805F}.Debug|Any CPU.Build.0 = Debug|Any CPU
		{675D13EB-6893-48EB-B9B5-8180FED3805F}.Release|Any CPU.ActiveCfg = Release|Any CPU
		{675D13EB-6893-48EB-B9B5-8180FED3805F}.Release|Any CPU.Build.0 = Release|Any CPU
		{ED82134A-6F7B-4F22-9EC5-D50E49E3274A}.Debug|Any CPU.ActiveCfg = Debug|Any CPU
		{ED82134A-6F7B-4F22-9EC5-D50E49E3274A}.Debug|Any CPU.Build.0 = Debug|Any CPU
		{ED82134A-6F7B-4F22-9EC5-D50E49E3274A}.Release|Any CPU.ActiveCfg = Release|Any CPU
		{ED82134A-6F7B-4F22-9EC5-D50E49E3274A}.Release|Any CPU.Build.0 = Release|Any CPU
		{AD25581C-1BB5-46C7-BEB4-6D8BC067E106}.Debug|Any CPU.ActiveCfg = Debug|Any CPU
		{AD25581C-1BB5-46C7-BEB4-6D8BC067E106}.Debug|Any CPU.Build.0 = Debug|Any CPU
		{AD25581C-1BB5-46C7-BEB4-6D8BC067E106}.Release|Any CPU.ActiveCfg = Release|Any CPU
		{AD25581C-1BB5-46C7-BEB4-6D8BC067E106}.Release|Any CPU.Build.0 = Release|Any CPU
	EndGlobalSection
EndGlobal
